// !$*UTF8*$!
{
	archiveVersion = 1;
	classes = {
	};
	objectVersion = 56;
	objects = {

/* Begin PBXBuildFile section */
		2A4237C72BBE8D2E00C94A0B /* AppDelegate.swift in Sources */ = {isa = PBXBuildFile; fileRef = 2A4237C62BBE8D2E00C94A0B /* AppDelegate.swift */; };
		2A4237C92BBE8D2E00C94A0B /* SceneDelegate.swift in Sources */ = {isa = PBXBuildFile; fileRef = 2A4237C82BBE8D2E00C94A0B /* SceneDelegate.swift */; };
		2A4237D02BBE8D2F00C94A0B /* Assets.xcassets in Resources */ = {isa = PBXBuildFile; fileRef = 2A4237CF2BBE8D2F00C94A0B /* Assets.xcassets */; };
		2A5AD64A2BC1C2C1003DD193 /* ImageData.json in Resources */ = {isa = PBXBuildFile; fileRef = 2A5AD6492BC1C2C1003DD193 /* ImageData.json */; };
		2A64B6CB2BC2AD7A00BE267D /* ImageCacheServiceTests.swift in Sources */ = {isa = PBXBuildFile; fileRef = 2A64B6CA2BC2AD7A00BE267D /* ImageCacheServiceTests.swift */; };
		2A64B6CD2BC2ADE900BE267D /* ImageCacheService.swift in Sources */ = {isa = PBXBuildFile; fileRef = 2A64B6CC2BC2ADE900BE267D /* ImageCacheService.swift */; };
		2A64B6CF2BC2CCB200BE267D /* FileManagerProtocol.swift in Sources */ = {isa = PBXBuildFile; fileRef = 2A64B6CE2BC2CCB200BE267D /* FileManagerProtocol.swift */; };
		2A64B6D12BC2D18F00BE267D /* FileManagerMock.swift in Sources */ = {isa = PBXBuildFile; fileRef = 2A64B6D02BC2D18F00BE267D /* FileManagerMock.swift */; };
		2A64B6D52BC2D97C00BE267D /* ImageCacheProtocol.swift in Sources */ = {isa = PBXBuildFile; fileRef = 2A64B6D42BC2D97C00BE267D /* ImageCacheProtocol.swift */; };
		2A64B6D72BC2DB0D00BE267D /* ImageCacheMock.swift in Sources */ = {isa = PBXBuildFile; fileRef = 2A64B6D62BC2DB0D00BE267D /* ImageCacheMock.swift */; };
		2A64B6D92BC2DB1F00BE267D /* ImageCacheDummy.swift in Sources */ = {isa = PBXBuildFile; fileRef = 2A64B6D82BC2DB1F00BE267D /* ImageCacheDummy.swift */; };
		2A64B6DB2BC2DB2C00BE267D /* ImageCacheSpy.swift in Sources */ = {isa = PBXBuildFile; fileRef = 2A64B6DA2BC2DB2C00BE267D /* ImageCacheSpy.swift */; };
		2A64B6DE2BC2DFBB00BE267D /* String+FileName.swift in Sources */ = {isa = PBXBuildFile; fileRef = 2A64B6DD2BC2DFBB00BE267D /* String+FileName.swift */; };
		2A64B6E12BC2DFD400BE267D /* String+FileNameTests.swift in Sources */ = {isa = PBXBuildFile; fileRef = 2A64B6E02BC2DFD400BE267D /* String+FileNameTests.swift */; };
		2A64B6E32BC2E44800BE267D /* ImageCacheErrorTests.swift in Sources */ = {isa = PBXBuildFile; fileRef = 2A64B6E22BC2E44800BE267D /* ImageCacheErrorTests.swift */; };
		2A64B6E52BC2E48300BE267D /* ImageCacheError.swift in Sources */ = {isa = PBXBuildFile; fileRef = 2A64B6E42BC2E48300BE267D /* ImageCacheError.swift */; };
		2A64B6E72BC2FA6B00BE267D /* UIFont+StyleWeight.swift in Sources */ = {isa = PBXBuildFile; fileRef = 2A64B6E62BC2FA6B00BE267D /* UIFont+StyleWeight.swift */; };
		2A64B6EB2BC3D7A900BE267D /* PaperclipCellTests.swift in Sources */ = {isa = PBXBuildFile; fileRef = 2A64B6EA2BC3D7A900BE267D /* PaperclipCellTests.swift */; };
		2A64B6EE2BC3D94700BE267D /* CategorySmallLabelTests.swift in Sources */ = {isa = PBXBuildFile; fileRef = 2A64B6ED2BC3D94700BE267D /* CategorySmallLabelTests.swift */; };
		2A64B6F12BC3D9C500BE267D /* CategorySmallLabel.swift in Sources */ = {isa = PBXBuildFile; fileRef = 2A64B6F02BC3D9C500BE267D /* CategorySmallLabel.swift */; };
		2A64B6F42BC3DF8E00BE267D /* ImageSmallViewTests.swift in Sources */ = {isa = PBXBuildFile; fileRef = 2A64B6F32BC3DF8E00BE267D /* ImageSmallViewTests.swift */; };
		2A64B6F72BC3DFDF00BE267D /* ImageSmallView.swift in Sources */ = {isa = PBXBuildFile; fileRef = 2A64B6F62BC3DFDF00BE267D /* ImageSmallView.swift */; };
		2A64B6F92BC3E36F00BE267D /* PriceSmallLabelTests.swift in Sources */ = {isa = PBXBuildFile; fileRef = 2A64B6F82BC3E36F00BE267D /* PriceSmallLabelTests.swift */; };
		2A64B6FB2BC3E3B500BE267D /* PriceSmallLabel.swift in Sources */ = {isa = PBXBuildFile; fileRef = 2A64B6FA2BC3E3B500BE267D /* PriceSmallLabel.swift */; };
		2A64B6FD2BC3E55D00BE267D /* RedactedViewTests.swift in Sources */ = {isa = PBXBuildFile; fileRef = 2A64B6FC2BC3E55D00BE267D /* RedactedViewTests.swift */; };
		2A64B6FF2BC3E5CC00BE267D /* RedactedView.swift in Sources */ = {isa = PBXBuildFile; fileRef = 2A64B6FE2BC3E5CC00BE267D /* RedactedView.swift */; };
		2A64B7012BC3E70800BE267D /* TitleSmallLabelTests.swift in Sources */ = {isa = PBXBuildFile; fileRef = 2A64B7002BC3E70800BE267D /* TitleSmallLabelTests.swift */; };
		2A64B7032BC3E72C00BE267D /* TitleSmallLabel.swift in Sources */ = {isa = PBXBuildFile; fileRef = 2A64B7022BC3E72C00BE267D /* TitleSmallLabel.swift */; };
		2A64B7062BC3E93A00BE267D /* UrgentSmallIconTests.swift in Sources */ = {isa = PBXBuildFile; fileRef = 2A64B7052BC3E93A00BE267D /* UrgentSmallIconTests.swift */; };
		2A64B7092BC3E9B100BE267D /* UrgentSmallIcon.swift in Sources */ = {isa = PBXBuildFile; fileRef = 2A64B7082BC3E9B100BE267D /* UrgentSmallIcon.swift */; };
		2A64B7112BC3F3FE00BE267D /* UIAlertController+Server.swift in Sources */ = {isa = PBXBuildFile; fileRef = 2A64B7102BC3F3FE00BE267D /* UIAlertController+Server.swift */; };
		2AB92DA02BC3F60500DB1DCA /* ProgressLargeViewTests.swift in Sources */ = {isa = PBXBuildFile; fileRef = 2AB92D9F2BC3F60500DB1DCA /* ProgressLargeViewTests.swift */; };
		2AB92DA22BC3F6A000DB1DCA /* ProgressLargeView.swift in Sources */ = {isa = PBXBuildFile; fileRef = 2AB92DA12BC3F6A000DB1DCA /* ProgressLargeView.swift */; };
		2AB92DA62BC3F92100DB1DCA /* ShopListCollectionViewTests.swift in Sources */ = {isa = PBXBuildFile; fileRef = 2AB92DA52BC3F92100DB1DCA /* ShopListCollectionViewTests.swift */; };
		2AB92DA82BC3F95B00DB1DCA /* ShopListCollectionView.swift in Sources */ = {isa = PBXBuildFile; fileRef = 2AB92DA72BC3F95B00DB1DCA /* ShopListCollectionView.swift */; };
		2AB92DAC2BC408C000DB1DCA /* FilterCategoryNavButtonTests.swift in Sources */ = {isa = PBXBuildFile; fileRef = 2AB92DAB2BC408C000DB1DCA /* FilterCategoryNavButtonTests.swift */; };
		2AB92DAF2BC408F000DB1DCA /* FilterCategoryNavButton.swift in Sources */ = {isa = PBXBuildFile; fileRef = 2AB92DAE2BC408F000DB1DCA /* FilterCategoryNavButton.swift */; };
		2AB92DB12BC420F500DB1DCA /* CategoryModelTests.swift in Sources */ = {isa = PBXBuildFile; fileRef = 2AB92DB02BC420F500DB1DCA /* CategoryModelTests.swift */; };
		2AB92DB32BC4213300DB1DCA /* CategoryModel.swift in Sources */ = {isa = PBXBuildFile; fileRef = 2AB92DB22BC4213300DB1DCA /* CategoryModel.swift */; };
		2AB92DB52BC4217D00DB1DCA /* CategoryModel+Fakes.swift in Sources */ = {isa = PBXBuildFile; fileRef = 2AB92DB42BC4217D00DB1DCA /* CategoryModel+Fakes.swift */; };
		2AB92DB72BC5293100DB1DCA /* CategoriesData.json in Resources */ = {isa = PBXBuildFile; fileRef = 2AB92DB62BC5293100DB1DCA /* CategoriesData.json */; };
		2AB92DB92BC5403E00DB1DCA /* String+DateTests.swift in Sources */ = {isa = PBXBuildFile; fileRef = 2AB92DB82BC5403E00DB1DCA /* String+DateTests.swift */; };
		2AB92DBC2BC540B200DB1DCA /* String+Date.swift in Sources */ = {isa = PBXBuildFile; fileRef = 2AB92DBB2BC540B200DB1DCA /* String+Date.swift */; };
		2AB92DC02BC544B200DB1DCA /* ShopDetailsViewControllerTests.swift in Sources */ = {isa = PBXBuildFile; fileRef = 2AB92DBF2BC544B200DB1DCA /* ShopDetailsViewControllerTests.swift */; };
		2AB92DC32BC544FF00DB1DCA /* ShopDetailsViewController.swift in Sources */ = {isa = PBXBuildFile; fileRef = 2AB92DC22BC544FF00DB1DCA /* ShopDetailsViewController.swift */; };
		2AB92DC52BC546A600DB1DCA /* CoordinatorProtocol.swift in Sources */ = {isa = PBXBuildFile; fileRef = 2AB92DC42BC546A500DB1DCA /* CoordinatorProtocol.swift */; };
		2AB92DC72BC5486500DB1DCA /* NavigationControllerMock.swift in Sources */ = {isa = PBXBuildFile; fileRef = 2AB92DC62BC5486500DB1DCA /* NavigationControllerMock.swift */; };
		2AB92DC92BC5497400DB1DCA /* NavigationControllerSpy.swift in Sources */ = {isa = PBXBuildFile; fileRef = 2AB92DC82BC5497400DB1DCA /* NavigationControllerSpy.swift */; };
		2AB92DCB2BC549FF00DB1DCA /* NavigationControllerDummy.swift in Sources */ = {isa = PBXBuildFile; fileRef = 2AB92DCA2BC549FF00DB1DCA /* NavigationControllerDummy.swift */; };
		2AB92DCE2BC54EE600DB1DCA /* CoordinatorTests.swift in Sources */ = {isa = PBXBuildFile; fileRef = 2AB92DCD2BC54EE600DB1DCA /* CoordinatorTests.swift */; };
		2AB92DD12BC550C500DB1DCA /* Coordinator.swift in Sources */ = {isa = PBXBuildFile; fileRef = 2AB92DD02BC550C500DB1DCA /* Coordinator.swift */; };
		2AB92DD32BC5536000DB1DCA /* CoordinatorMock.swift in Sources */ = {isa = PBXBuildFile; fileRef = 2AB92DD22BC5536000DB1DCA /* CoordinatorMock.swift */; };
		2AB92DD52BC554C100DB1DCA /* CoordinatorDummy.swift in Sources */ = {isa = PBXBuildFile; fileRef = 2AB92DD42BC554C100DB1DCA /* CoordinatorDummy.swift */; };
		2AB92DD72BC5554100DB1DCA /* CoordinatorSpy.swift in Sources */ = {isa = PBXBuildFile; fileRef = 2AB92DD62BC5554100DB1DCA /* CoordinatorSpy.swift */; };
		2AF5F8102BBE90E600479E54 /* BaseXCTestCase.swift in Sources */ = {isa = PBXBuildFile; fileRef = 2AF5F80F2BBE90E600479E54 /* BaseXCTestCase.swift */; };
		2AF5F81F2BBED05900479E54 /* main.swift in Sources */ = {isa = PBXBuildFile; fileRef = 2AF5F81E2BBED05900479E54 /* main.swift */; };
		2AF5F8242BBED13800479E54 /* AppDelegateTests.swift in Sources */ = {isa = PBXBuildFile; fileRef = 2AF5F8232BBED13800479E54 /* AppDelegateTests.swift */; };
		2AF5F8282BBED26900479E54 /* ShopListViewControllerTests.swift in Sources */ = {isa = PBXBuildFile; fileRef = 2AF5F8272BBED26900479E54 /* ShopListViewControllerTests.swift */; };
		2AF5F82A2BBED35100479E54 /* ShopListViewController.swift in Sources */ = {isa = PBXBuildFile; fileRef = 2AF5F8292BBED35100479E54 /* ShopListViewController.swift */; };
		2AF5F82C2BBEE91A00479E54 /* ShopListViewModelTests.swift in Sources */ = {isa = PBXBuildFile; fileRef = 2AF5F82B2BBEE91A00479E54 /* ShopListViewModelTests.swift */; };
		2AF5F82E2BBEE94700479E54 /* ShopListViewModel.swift in Sources */ = {isa = PBXBuildFile; fileRef = 2AF5F82D2BBEE94700479E54 /* ShopListViewModel.swift */; };
		2AF5F8322BBF077200479E54 /* ServerEndpointTests.swift in Sources */ = {isa = PBXBuildFile; fileRef = 2AF5F8312BBF077200479E54 /* ServerEndpointTests.swift */; };
		2AF5F8362BBF07FE00479E54 /* ServerEndpoint.swift in Sources */ = {isa = PBXBuildFile; fileRef = 2AF5F8352BBF07FE00479E54 /* ServerEndpoint.swift */; };
		2AF5F83A2BBF208500479E54 /* PaperclipDataTests.swift in Sources */ = {isa = PBXBuildFile; fileRef = 2AF5F8392BBF208500479E54 /* PaperclipDataTests.swift */; };
		2AF5F83C2BBF20BB00479E54 /* PaperclipData.swift in Sources */ = {isa = PBXBuildFile; fileRef = 2AF5F83B2BBF20BB00479E54 /* PaperclipData.swift */; };
		2AF5F8402BBF215E00479E54 /* PaperclipData+Fakes.swift in Sources */ = {isa = PBXBuildFile; fileRef = 2AF5F83F2BBF215E00479E54 /* PaperclipData+Fakes.swift */; };
		2AF5F8422BBF718300479E54 /* CategoryDataTests.swift in Sources */ = {isa = PBXBuildFile; fileRef = 2AF5F8412BBF718300479E54 /* CategoryDataTests.swift */; };
		2AF5F8442BBF71DE00479E54 /* CategoryData.swift in Sources */ = {isa = PBXBuildFile; fileRef = 2AF5F8432BBF71DE00479E54 /* CategoryData.swift */; };
		2AF5F8462BBF720900479E54 /* CategoryData+Fakes.swift in Sources */ = {isa = PBXBuildFile; fileRef = 2AF5F8452BBF720900479E54 /* CategoryData+Fakes.swift */; };
		2AF5F8492BBFDFAF00479E54 /* ServerProtocol.swift in Sources */ = {isa = PBXBuildFile; fileRef = 2AF5F8482BBFDFAF00479E54 /* ServerProtocol.swift */; };
		2AF5F84C2BBFE27200479E54 /* ServerServiceTests.swift in Sources */ = {isa = PBXBuildFile; fileRef = 2AF5F84B2BBFE27200479E54 /* ServerServiceTests.swift */; };
		2AF5F84F2BBFE32700479E54 /* ServerService.swift in Sources */ = {isa = PBXBuildFile; fileRef = 2AF5F84E2BBFE32700479E54 /* ServerService.swift */; };
		2AF5F8532BBFE7BF00479E54 /* ServerSpy.swift in Sources */ = {isa = PBXBuildFile; fileRef = 2AF5F8522BBFE7BF00479E54 /* ServerSpy.swift */; };
		2AF5F8552BBFE93200479E54 /* ServerErrorTests.swift in Sources */ = {isa = PBXBuildFile; fileRef = 2AF5F8542BBFE93200479E54 /* ServerErrorTests.swift */; };
		2AF5F8572BBFE9E400479E54 /* ServerError.swift in Sources */ = {isa = PBXBuildFile; fileRef = 2AF5F8562BBFE9E400479E54 /* ServerError.swift */; };
		2AF5F85A2BBFEB0B00479E54 /* ServerDummy.swift in Sources */ = {isa = PBXBuildFile; fileRef = 2AF5F8592BBFEB0B00479E54 /* ServerDummy.swift */; };
		2AF5F85D2BBFEB8200479E54 /* ServerMock.swift in Sources */ = {isa = PBXBuildFile; fileRef = 2AF5F85C2BBFEB8200479E54 /* ServerMock.swift */; };
		2AF5F85F2BBFEC4500479E54 /* URLSessionProtocol.swift in Sources */ = {isa = PBXBuildFile; fileRef = 2AF5F85E2BBFEC4500479E54 /* URLSessionProtocol.swift */; };
		2AF5F8612BBFF04B00479E54 /* URLSessionMock.swift in Sources */ = {isa = PBXBuildFile; fileRef = 2AF5F8602BBFF04B00479E54 /* URLSessionMock.swift */; };
		2AF5F8642BC00BD500479E54 /* XCTestCase+ServerMock.swift in Sources */ = {isa = PBXBuildFile; fileRef = 2AF5F8632BC00BD500479E54 /* XCTestCase+ServerMock.swift */; };
		2AF5F8672BC00D0300479E54 /* JsonFileName.swift in Sources */ = {isa = PBXBuildFile; fileRef = 2AF5F8662BC00D0300479E54 /* JsonFileName.swift */; };
		2AF5F86A2BC00E6900479E54 /* CategoryData.json in Resources */ = {isa = PBXBuildFile; fileRef = 2AF5F8692BC00E6900479E54 /* CategoryData.json */; };
		2AF5F86C2BC00EE400479E54 /* PaperclipData.json in Resources */ = {isa = PBXBuildFile; fileRef = 2AF5F86B2BC00EE400479E54 /* PaperclipData.json */; };
		2AF5F8702BC0102400479E54 /* XCTestCase+JsonParser.swift in Sources */ = {isa = PBXBuildFile; fileRef = 2AF5F86F2BC0102400479E54 /* XCTestCase+JsonParser.swift */; };
		2AF5F8722BC01A6F00479E54 /* XCTestCase+URLSessionMock.swift in Sources */ = {isa = PBXBuildFile; fileRef = 2AF5F8712BC01A6F00479E54 /* XCTestCase+URLSessionMock.swift */; };
		2AF5F8742BC0770500479E54 /* PaperclipsData.json in Resources */ = {isa = PBXBuildFile; fileRef = 2AF5F8732BC0770500479E54 /* PaperclipsData.json */; };
		2AF5F8782BC07C9700479E54 /* PaperclipModel+Fakes.swift in Sources */ = {isa = PBXBuildFile; fileRef = 2AF5F8772BC07C9700479E54 /* PaperclipModel+Fakes.swift */; };
		2AF5F87B2BC07F0400479E54 /* PaperclipModelTests.swift in Sources */ = {isa = PBXBuildFile; fileRef = 2AF5F87A2BC07F0400479E54 /* PaperclipModelTests.swift */; };
		2AF5F87D2BC07FC000479E54 /* PaperclipModel.swift in Sources */ = {isa = PBXBuildFile; fileRef = 2AF5F87C2BC07FBF00479E54 /* PaperclipModel.swift */; };
		2AFC0B5F2BC0C0EA0057BB66 /* PaperclipCell.swift in Sources */ = {isa = PBXBuildFile; fileRef = 2AFC0B5E2BC0C0EA0057BB66 /* PaperclipCell.swift */; };
/* End PBXBuildFile section */

/* Begin PBXContainerItemProxy section */
		2A4237DA2BBE8D3000C94A0B /* PBXContainerItemProxy */ = {
			isa = PBXContainerItemProxy;
			containerPortal = 2A4237BB2BBE8D2E00C94A0B /* Project object */;
			proxyType = 1;
			remoteGlobalIDString = 2A4237C22BBE8D2E00C94A0B;
			remoteInfo = ClipShop;
		};
/* End PBXContainerItemProxy section */

/* Begin PBXFileReference section */
		2A4237C32BBE8D2E00C94A0B /* ClipShop.app */ = {isa = PBXFileReference; explicitFileType = wrapper.application; includeInIndex = 0; path = ClipShop.app; sourceTree = BUILT_PRODUCTS_DIR; };
		2A4237C62BBE8D2E00C94A0B /* AppDelegate.swift */ = {isa = PBXFileReference; lastKnownFileType = sourcecode.swift; path = AppDelegate.swift; sourceTree = "<group>"; };
		2A4237C82BBE8D2E00C94A0B /* SceneDelegate.swift */ = {isa = PBXFileReference; lastKnownFileType = sourcecode.swift; path = SceneDelegate.swift; sourceTree = "<group>"; };
		2A4237CF2BBE8D2F00C94A0B /* Assets.xcassets */ = {isa = PBXFileReference; lastKnownFileType = folder.assetcatalog; path = Assets.xcassets; sourceTree = "<group>"; };
		2A4237D42BBE8D2F00C94A0B /* Info.plist */ = {isa = PBXFileReference; lastKnownFileType = text.plist.xml; path = Info.plist; sourceTree = "<group>"; };
		2A4237D92BBE8D3000C94A0B /* ClipShopTests.xctest */ = {isa = PBXFileReference; explicitFileType = wrapper.cfbundle; includeInIndex = 0; path = ClipShopTests.xctest; sourceTree = BUILT_PRODUCTS_DIR; };
		2A5AD6492BC1C2C1003DD193 /* ImageData.json */ = {isa = PBXFileReference; lastKnownFileType = text.json; path = ImageData.json; sourceTree = "<group>"; };
		2A64B6CA2BC2AD7A00BE267D /* ImageCacheServiceTests.swift */ = {isa = PBXFileReference; lastKnownFileType = sourcecode.swift; path = ImageCacheServiceTests.swift; sourceTree = "<group>"; };
		2A64B6CC2BC2ADE900BE267D /* ImageCacheService.swift */ = {isa = PBXFileReference; lastKnownFileType = sourcecode.swift; path = ImageCacheService.swift; sourceTree = "<group>"; };
		2A64B6CE2BC2CCB200BE267D /* FileManagerProtocol.swift */ = {isa = PBXFileReference; lastKnownFileType = sourcecode.swift; path = FileManagerProtocol.swift; sourceTree = "<group>"; };
		2A64B6D02BC2D18F00BE267D /* FileManagerMock.swift */ = {isa = PBXFileReference; lastKnownFileType = sourcecode.swift; path = FileManagerMock.swift; sourceTree = "<group>"; };
		2A64B6D42BC2D97C00BE267D /* ImageCacheProtocol.swift */ = {isa = PBXFileReference; lastKnownFileType = sourcecode.swift; path = ImageCacheProtocol.swift; sourceTree = "<group>"; };
		2A64B6D62BC2DB0D00BE267D /* ImageCacheMock.swift */ = {isa = PBXFileReference; lastKnownFileType = sourcecode.swift; path = ImageCacheMock.swift; sourceTree = "<group>"; };
		2A64B6D82BC2DB1F00BE267D /* ImageCacheDummy.swift */ = {isa = PBXFileReference; lastKnownFileType = sourcecode.swift; path = ImageCacheDummy.swift; sourceTree = "<group>"; };
		2A64B6DA2BC2DB2C00BE267D /* ImageCacheSpy.swift */ = {isa = PBXFileReference; lastKnownFileType = sourcecode.swift; path = ImageCacheSpy.swift; sourceTree = "<group>"; };
		2A64B6DD2BC2DFBB00BE267D /* String+FileName.swift */ = {isa = PBXFileReference; lastKnownFileType = sourcecode.swift; path = "String+FileName.swift"; sourceTree = "<group>"; };
		2A64B6E02BC2DFD400BE267D /* String+FileNameTests.swift */ = {isa = PBXFileReference; lastKnownFileType = sourcecode.swift; path = "String+FileNameTests.swift"; sourceTree = "<group>"; };
		2A64B6E22BC2E44800BE267D /* ImageCacheErrorTests.swift */ = {isa = PBXFileReference; lastKnownFileType = sourcecode.swift; path = ImageCacheErrorTests.swift; sourceTree = "<group>"; };
		2A64B6E42BC2E48300BE267D /* ImageCacheError.swift */ = {isa = PBXFileReference; lastKnownFileType = sourcecode.swift; path = ImageCacheError.swift; sourceTree = "<group>"; };
		2A64B6E62BC2FA6B00BE267D /* UIFont+StyleWeight.swift */ = {isa = PBXFileReference; lastKnownFileType = sourcecode.swift; path = "UIFont+StyleWeight.swift"; sourceTree = "<group>"; };
		2A64B6EA2BC3D7A900BE267D /* PaperclipCellTests.swift */ = {isa = PBXFileReference; lastKnownFileType = sourcecode.swift; path = PaperclipCellTests.swift; sourceTree = "<group>"; };
		2A64B6ED2BC3D94700BE267D /* CategorySmallLabelTests.swift */ = {isa = PBXFileReference; lastKnownFileType = sourcecode.swift; path = CategorySmallLabelTests.swift; sourceTree = "<group>"; };
		2A64B6F02BC3D9C500BE267D /* CategorySmallLabel.swift */ = {isa = PBXFileReference; lastKnownFileType = sourcecode.swift; path = CategorySmallLabel.swift; sourceTree = "<group>"; };
		2A64B6F32BC3DF8E00BE267D /* ImageSmallViewTests.swift */ = {isa = PBXFileReference; lastKnownFileType = sourcecode.swift; path = ImageSmallViewTests.swift; sourceTree = "<group>"; };
		2A64B6F62BC3DFDF00BE267D /* ImageSmallView.swift */ = {isa = PBXFileReference; lastKnownFileType = sourcecode.swift; path = ImageSmallView.swift; sourceTree = "<group>"; };
		2A64B6F82BC3E36F00BE267D /* PriceSmallLabelTests.swift */ = {isa = PBXFileReference; lastKnownFileType = sourcecode.swift; path = PriceSmallLabelTests.swift; sourceTree = "<group>"; };
		2A64B6FA2BC3E3B500BE267D /* PriceSmallLabel.swift */ = {isa = PBXFileReference; lastKnownFileType = sourcecode.swift; path = PriceSmallLabel.swift; sourceTree = "<group>"; };
		2A64B6FC2BC3E55D00BE267D /* RedactedViewTests.swift */ = {isa = PBXFileReference; lastKnownFileType = sourcecode.swift; path = RedactedViewTests.swift; sourceTree = "<group>"; };
		2A64B6FE2BC3E5CC00BE267D /* RedactedView.swift */ = {isa = PBXFileReference; lastKnownFileType = sourcecode.swift; path = RedactedView.swift; sourceTree = "<group>"; };
		2A64B7002BC3E70800BE267D /* TitleSmallLabelTests.swift */ = {isa = PBXFileReference; lastKnownFileType = sourcecode.swift; path = TitleSmallLabelTests.swift; sourceTree = "<group>"; };
		2A64B7022BC3E72C00BE267D /* TitleSmallLabel.swift */ = {isa = PBXFileReference; lastKnownFileType = sourcecode.swift; path = TitleSmallLabel.swift; sourceTree = "<group>"; };
		2A64B7052BC3E93A00BE267D /* UrgentSmallIconTests.swift */ = {isa = PBXFileReference; lastKnownFileType = sourcecode.swift; path = UrgentSmallIconTests.swift; sourceTree = "<group>"; };
		2A64B7082BC3E9B100BE267D /* UrgentSmallIcon.swift */ = {isa = PBXFileReference; lastKnownFileType = sourcecode.swift; path = UrgentSmallIcon.swift; sourceTree = "<group>"; };
		2A64B7102BC3F3FE00BE267D /* UIAlertController+Server.swift */ = {isa = PBXFileReference; lastKnownFileType = sourcecode.swift; path = "UIAlertController+Server.swift"; sourceTree = "<group>"; };
		2AB92D9F2BC3F60500DB1DCA /* ProgressLargeViewTests.swift */ = {isa = PBXFileReference; lastKnownFileType = sourcecode.swift; path = ProgressLargeViewTests.swift; sourceTree = "<group>"; };
		2AB92DA12BC3F6A000DB1DCA /* ProgressLargeView.swift */ = {isa = PBXFileReference; lastKnownFileType = sourcecode.swift; path = ProgressLargeView.swift; sourceTree = "<group>"; };
		2AB92DA52BC3F92100DB1DCA /* ShopListCollectionViewTests.swift */ = {isa = PBXFileReference; lastKnownFileType = sourcecode.swift; path = ShopListCollectionViewTests.swift; sourceTree = "<group>"; };
		2AB92DA72BC3F95B00DB1DCA /* ShopListCollectionView.swift */ = {isa = PBXFileReference; lastKnownFileType = sourcecode.swift; path = ShopListCollectionView.swift; sourceTree = "<group>"; };
		2AB92DAB2BC408C000DB1DCA /* FilterCategoryNavButtonTests.swift */ = {isa = PBXFileReference; lastKnownFileType = sourcecode.swift; path = FilterCategoryNavButtonTests.swift; sourceTree = "<group>"; };
		2AB92DAE2BC408F000DB1DCA /* FilterCategoryNavButton.swift */ = {isa = PBXFileReference; lastKnownFileType = sourcecode.swift; path = FilterCategoryNavButton.swift; sourceTree = "<group>"; };
		2AB92DB02BC420F500DB1DCA /* CategoryModelTests.swift */ = {isa = PBXFileReference; lastKnownFileType = sourcecode.swift; path = CategoryModelTests.swift; sourceTree = "<group>"; };
		2AB92DB22BC4213300DB1DCA /* CategoryModel.swift */ = {isa = PBXFileReference; lastKnownFileType = sourcecode.swift; path = CategoryModel.swift; sourceTree = "<group>"; };
		2AB92DB42BC4217D00DB1DCA /* CategoryModel+Fakes.swift */ = {isa = PBXFileReference; lastKnownFileType = sourcecode.swift; path = "CategoryModel+Fakes.swift"; sourceTree = "<group>"; };
		2AB92DB62BC5293100DB1DCA /* CategoriesData.json */ = {isa = PBXFileReference; lastKnownFileType = text.json; path = CategoriesData.json; sourceTree = "<group>"; };
		2AB92DB82BC5403E00DB1DCA /* String+DateTests.swift */ = {isa = PBXFileReference; lastKnownFileType = sourcecode.swift; path = "String+DateTests.swift"; sourceTree = "<group>"; };
		2AB92DBB2BC540B200DB1DCA /* String+Date.swift */ = {isa = PBXFileReference; lastKnownFileType = sourcecode.swift; path = "String+Date.swift"; sourceTree = "<group>"; };
		2AB92DBF2BC544B200DB1DCA /* ShopDetailsViewControllerTests.swift */ = {isa = PBXFileReference; lastKnownFileType = sourcecode.swift; path = ShopDetailsViewControllerTests.swift; sourceTree = "<group>"; };
		2AB92DC22BC544FF00DB1DCA /* ShopDetailsViewController.swift */ = {isa = PBXFileReference; lastKnownFileType = sourcecode.swift; path = ShopDetailsViewController.swift; sourceTree = "<group>"; };
		2AB92DC42BC546A500DB1DCA /* CoordinatorProtocol.swift */ = {isa = PBXFileReference; lastKnownFileType = sourcecode.swift; path = CoordinatorProtocol.swift; sourceTree = "<group>"; };
		2AB92DC62BC5486500DB1DCA /* NavigationControllerMock.swift */ = {isa = PBXFileReference; lastKnownFileType = sourcecode.swift; path = NavigationControllerMock.swift; sourceTree = "<group>"; };
		2AB92DC82BC5497400DB1DCA /* NavigationControllerSpy.swift */ = {isa = PBXFileReference; lastKnownFileType = sourcecode.swift; path = NavigationControllerSpy.swift; sourceTree = "<group>"; };
		2AB92DCA2BC549FF00DB1DCA /* NavigationControllerDummy.swift */ = {isa = PBXFileReference; lastKnownFileType = sourcecode.swift; path = NavigationControllerDummy.swift; sourceTree = "<group>"; };
		2AB92DCD2BC54EE600DB1DCA /* CoordinatorTests.swift */ = {isa = PBXFileReference; lastKnownFileType = sourcecode.swift; path = CoordinatorTests.swift; sourceTree = "<group>"; };
		2AB92DD02BC550C500DB1DCA /* Coordinator.swift */ = {isa = PBXFileReference; lastKnownFileType = sourcecode.swift; path = Coordinator.swift; sourceTree = "<group>"; };
		2AB92DD22BC5536000DB1DCA /* CoordinatorMock.swift */ = {isa = PBXFileReference; lastKnownFileType = sourcecode.swift; path = CoordinatorMock.swift; sourceTree = "<group>"; };
		2AB92DD42BC554C100DB1DCA /* CoordinatorDummy.swift */ = {isa = PBXFileReference; lastKnownFileType = sourcecode.swift; path = CoordinatorDummy.swift; sourceTree = "<group>"; };
		2AB92DD62BC5554100DB1DCA /* CoordinatorSpy.swift */ = {isa = PBXFileReference; lastKnownFileType = sourcecode.swift; path = CoordinatorSpy.swift; sourceTree = "<group>"; };
		2AF5F80F2BBE90E600479E54 /* BaseXCTestCase.swift */ = {isa = PBXFileReference; lastKnownFileType = sourcecode.swift; path = BaseXCTestCase.swift; sourceTree = "<group>"; };
		2AF5F8122BBE912000479E54 /* Develop.xctestplan */ = {isa = PBXFileReference; lastKnownFileType = text; path = Develop.xctestplan; sourceTree = "<group>"; };
		2AF5F81E2BBED05900479E54 /* main.swift */ = {isa = PBXFileReference; lastKnownFileType = sourcecode.swift; path = main.swift; sourceTree = "<group>"; };
		2AF5F8232BBED13800479E54 /* AppDelegateTests.swift */ = {isa = PBXFileReference; lastKnownFileType = sourcecode.swift; name = AppDelegateTests.swift; path = ClipShopTests/Cases/Features/Main/AppDelegateTests.swift; sourceTree = SOURCE_ROOT; };
		2AF5F8272BBED26900479E54 /* ShopListViewControllerTests.swift */ = {isa = PBXFileReference; lastKnownFileType = sourcecode.swift; name = ShopListViewControllerTests.swift; path = ClipShopTests/Cases/Features/ShopList/ShopListViewControllerTests.swift; sourceTree = SOURCE_ROOT; };
		2AF5F8292BBED35100479E54 /* ShopListViewController.swift */ = {isa = PBXFileReference; lastKnownFileType = sourcecode.swift; path = ShopListViewController.swift; sourceTree = "<group>"; };
		2AF5F82B2BBEE91A00479E54 /* ShopListViewModelTests.swift */ = {isa = PBXFileReference; lastKnownFileType = sourcecode.swift; name = ShopListViewModelTests.swift; path = ClipShopTests/Cases/Features/ShopList/ShopListViewModelTests.swift; sourceTree = SOURCE_ROOT; };
		2AF5F82D2BBEE94700479E54 /* ShopListViewModel.swift */ = {isa = PBXFileReference; lastKnownFileType = sourcecode.swift; path = ShopListViewModel.swift; sourceTree = "<group>"; };
		2AF5F8312BBF077200479E54 /* ServerEndpointTests.swift */ = {isa = PBXFileReference; lastKnownFileType = sourcecode.swift; path = ServerEndpointTests.swift; sourceTree = "<group>"; };
		2AF5F8352BBF07FE00479E54 /* ServerEndpoint.swift */ = {isa = PBXFileReference; lastKnownFileType = sourcecode.swift; path = ServerEndpoint.swift; sourceTree = "<group>"; };
		2AF5F8392BBF208500479E54 /* PaperclipDataTests.swift */ = {isa = PBXFileReference; lastKnownFileType = sourcecode.swift; path = PaperclipDataTests.swift; sourceTree = "<group>"; };
		2AF5F83B2BBF20BB00479E54 /* PaperclipData.swift */ = {isa = PBXFileReference; lastKnownFileType = sourcecode.swift; path = PaperclipData.swift; sourceTree = "<group>"; };
		2AF5F83F2BBF215E00479E54 /* PaperclipData+Fakes.swift */ = {isa = PBXFileReference; lastKnownFileType = sourcecode.swift; path = "PaperclipData+Fakes.swift"; sourceTree = "<group>"; };
		2AF5F8412BBF718300479E54 /* CategoryDataTests.swift */ = {isa = PBXFileReference; lastKnownFileType = sourcecode.swift; path = CategoryDataTests.swift; sourceTree = "<group>"; };
		2AF5F8432BBF71DE00479E54 /* CategoryData.swift */ = {isa = PBXFileReference; lastKnownFileType = sourcecode.swift; path = CategoryData.swift; sourceTree = "<group>"; };
		2AF5F8452BBF720900479E54 /* CategoryData+Fakes.swift */ = {isa = PBXFileReference; lastKnownFileType = sourcecode.swift; path = "CategoryData+Fakes.swift"; sourceTree = "<group>"; };
		2AF5F8482BBFDFAF00479E54 /* ServerProtocol.swift */ = {isa = PBXFileReference; lastKnownFileType = sourcecode.swift; path = ServerProtocol.swift; sourceTree = "<group>"; };
		2AF5F84B2BBFE27200479E54 /* ServerServiceTests.swift */ = {isa = PBXFileReference; lastKnownFileType = sourcecode.swift; path = ServerServiceTests.swift; sourceTree = "<group>"; };
		2AF5F84E2BBFE32700479E54 /* ServerService.swift */ = {isa = PBXFileReference; lastKnownFileType = sourcecode.swift; path = ServerService.swift; sourceTree = "<group>"; };
		2AF5F8522BBFE7BF00479E54 /* ServerSpy.swift */ = {isa = PBXFileReference; lastKnownFileType = sourcecode.swift; path = ServerSpy.swift; sourceTree = "<group>"; };
		2AF5F8542BBFE93200479E54 /* ServerErrorTests.swift */ = {isa = PBXFileReference; lastKnownFileType = sourcecode.swift; path = ServerErrorTests.swift; sourceTree = "<group>"; };
		2AF5F8562BBFE9E400479E54 /* ServerError.swift */ = {isa = PBXFileReference; lastKnownFileType = sourcecode.swift; path = ServerError.swift; sourceTree = "<group>"; };
		2AF5F8592BBFEB0B00479E54 /* ServerDummy.swift */ = {isa = PBXFileReference; lastKnownFileType = sourcecode.swift; path = ServerDummy.swift; sourceTree = "<group>"; };
		2AF5F85C2BBFEB8200479E54 /* ServerMock.swift */ = {isa = PBXFileReference; lastKnownFileType = sourcecode.swift; path = ServerMock.swift; sourceTree = "<group>"; };
		2AF5F85E2BBFEC4500479E54 /* URLSessionProtocol.swift */ = {isa = PBXFileReference; lastKnownFileType = sourcecode.swift; path = URLSessionProtocol.swift; sourceTree = "<group>"; };
		2AF5F8602BBFF04B00479E54 /* URLSessionMock.swift */ = {isa = PBXFileReference; lastKnownFileType = sourcecode.swift; path = URLSessionMock.swift; sourceTree = "<group>"; };
		2AF5F8632BC00BD500479E54 /* XCTestCase+ServerMock.swift */ = {isa = PBXFileReference; lastKnownFileType = sourcecode.swift; path = "XCTestCase+ServerMock.swift"; sourceTree = "<group>"; };
		2AF5F8662BC00D0300479E54 /* JsonFileName.swift */ = {isa = PBXFileReference; lastKnownFileType = sourcecode.swift; path = JsonFileName.swift; sourceTree = "<group>"; };
		2AF5F8692BC00E6900479E54 /* CategoryData.json */ = {isa = PBXFileReference; lastKnownFileType = text.json; path = CategoryData.json; sourceTree = "<group>"; };
		2AF5F86B2BC00EE400479E54 /* PaperclipData.json */ = {isa = PBXFileReference; lastKnownFileType = text.json; path = PaperclipData.json; sourceTree = "<group>"; };
		2AF5F86F2BC0102400479E54 /* XCTestCase+JsonParser.swift */ = {isa = PBXFileReference; lastKnownFileType = sourcecode.swift; path = "XCTestCase+JsonParser.swift"; sourceTree = "<group>"; };
		2AF5F8712BC01A6F00479E54 /* XCTestCase+URLSessionMock.swift */ = {isa = PBXFileReference; lastKnownFileType = sourcecode.swift; path = "XCTestCase+URLSessionMock.swift"; sourceTree = "<group>"; };
		2AF5F8732BC0770500479E54 /* PaperclipsData.json */ = {isa = PBXFileReference; lastKnownFileType = text.json; path = PaperclipsData.json; sourceTree = "<group>"; };
		2AF5F8772BC07C9700479E54 /* PaperclipModel+Fakes.swift */ = {isa = PBXFileReference; lastKnownFileType = sourcecode.swift; path = "PaperclipModel+Fakes.swift"; sourceTree = "<group>"; };
		2AF5F87A2BC07F0400479E54 /* PaperclipModelTests.swift */ = {isa = PBXFileReference; lastKnownFileType = sourcecode.swift; path = PaperclipModelTests.swift; sourceTree = "<group>"; };
		2AF5F87C2BC07FBF00479E54 /* PaperclipModel.swift */ = {isa = PBXFileReference; lastKnownFileType = sourcecode.swift; path = PaperclipModel.swift; sourceTree = "<group>"; };
		2AFC0B5E2BC0C0EA0057BB66 /* PaperclipCell.swift */ = {isa = PBXFileReference; lastKnownFileType = sourcecode.swift; path = PaperclipCell.swift; sourceTree = "<group>"; };
/* End PBXFileReference section */

/* Begin PBXFrameworksBuildPhase section */
		2A4237C02BBE8D2E00C94A0B /* Frameworks */ = {
			isa = PBXFrameworksBuildPhase;
			buildActionMask = 2147483647;
			files = (
			);
			runOnlyForDeploymentPostprocessing = 0;
		};
		2A4237D62BBE8D3000C94A0B /* Frameworks */ = {
			isa = PBXFrameworksBuildPhase;
			buildActionMask = 2147483647;
			files = (
			);
			runOnlyForDeploymentPostprocessing = 0;
		};
/* End PBXFrameworksBuildPhase section */

/* Begin PBXGroup section */
		2A4237BA2BBE8D2E00C94A0B = {
			isa = PBXGroup;
			children = (
				2A4237C52BBE8D2E00C94A0B /* ClipShop */,
				2AF5F8112BBE910700479E54 /* ClipShopTestPlans */,
				2A4237DC2BBE8D3000C94A0B /* ClipShopTests */,
				2A4237C42BBE8D2E00C94A0B /* Products */,
			);
			sourceTree = "<group>";
		};
		2A4237C42BBE8D2E00C94A0B /* Products */ = {
			isa = PBXGroup;
			children = (
				2A4237C32BBE8D2E00C94A0B /* ClipShop.app */,
				2A4237D92BBE8D3000C94A0B /* ClipShopTests.xctest */,
			);
			name = Products;
			sourceTree = "<group>";
		};
		2A4237C52BBE8D2E00C94A0B /* ClipShop */ = {
			isa = PBXGroup;
			children = (
				2AF5F8132BBE926100479E54 /* Assets */,
				2AFC0B5C2BC0C0900057BB66 /* Components */,
				2AF5F8162BBE92D000479E54 /* Configurations */,
				2A64B6DC2BC2DF9F00BE267D /* Extensions */,
				2AF5F8142BBE92B600479E54 /* Features */,
				2AF5F8332BBF07E400479E54 /* Objects */,
				2AF5F8472BBFDF9B00479E54 /* Protocols */,
				2AF5F84D2BBFE2F500479E54 /* Services */,
			);
			path = ClipShop;
			sourceTree = "<group>";
		};
		2A4237DC2BBE8D3000C94A0B /* ClipShopTests */ = {
			isa = PBXGroup;
			children = (
				2AF5F80E2BBE90B000479E54 /* Base */,
				2AF5F8222BBED12200479E54 /* Cases */,
				2AF5F83D2BBF214700479E54 /* Doubles */,
				2AF5F8622BC00BA600479E54 /* Helpers */,
			);
			path = ClipShopTests;
			sourceTree = "<group>";
		};
		2A5AD6482BC1C27A003DD193 /* ImageData */ = {
			isa = PBXGroup;
			children = (
				2A5AD6492BC1C2C1003DD193 /* ImageData.json */,
			);
			path = ImageData;
			sourceTree = "<group>";
		};
		2A64B6DC2BC2DF9F00BE267D /* Extensions */ = {
			isa = PBXGroup;
			children = (
				2AB92DBA2BC540A400DB1DCA /* String */,
				2A64B7102BC3F3FE00BE267D /* UIAlertController+Server.swift */,
				2A64B6E62BC2FA6B00BE267D /* UIFont+StyleWeight.swift */,
			);
			path = Extensions;
			sourceTree = "<group>";
		};
		2A64B6DF2BC2DFC000BE267D /* Extensions */ = {
			isa = PBXGroup;
			children = (
				2AB92DBD2BC540BC00DB1DCA /* String */,
			);
			path = Extensions;
			sourceTree = "<group>";
		};
		2A64B6E82BC3D78A00BE267D /* Components */ = {
			isa = PBXGroup;
			children = (
				2AB92DAA2BC4086D00DB1DCA /* Buttons */,
				2A64B6E92BC3D79200BE267D /* Cells */,
				2A64B7042BC3E91D00BE267D /* Icons */,
				2A64B6F22BC3DF1200BE267D /* Images */,
				2A64B6EC2BC3D91700BE267D /* Labels */,
				2AB92DA32BC3F8D200DB1DCA /* Lists */,
				2AB92D9D2BC3F5D100DB1DCA /* Progress */,
			);
			path = Components;
			sourceTree = "<group>";
		};
		2A64B6E92BC3D79200BE267D /* Cells */ = {
			isa = PBXGroup;
			children = (
				2A64B6EA2BC3D7A900BE267D /* PaperclipCellTests.swift */,
			);
			path = Cells;
			sourceTree = "<group>";
		};
		2A64B6EC2BC3D91700BE267D /* Labels */ = {
			isa = PBXGroup;
			children = (
				2A64B6ED2BC3D94700BE267D /* CategorySmallLabelTests.swift */,
				2A64B6F82BC3E36F00BE267D /* PriceSmallLabelTests.swift */,
				2A64B7002BC3E70800BE267D /* TitleSmallLabelTests.swift */,
			);
			path = Labels;
			sourceTree = "<group>";
		};
		2A64B6EF2BC3D9AF00BE267D /* Labels */ = {
			isa = PBXGroup;
			children = (
				2A64B6F02BC3D9C500BE267D /* CategorySmallLabel.swift */,
				2A64B6FA2BC3E3B500BE267D /* PriceSmallLabel.swift */,
				2A64B7022BC3E72C00BE267D /* TitleSmallLabel.swift */,
			);
			path = Labels;
			sourceTree = "<group>";
		};
		2A64B6F22BC3DF1200BE267D /* Images */ = {
			isa = PBXGroup;
			children = (
				2A64B6F32BC3DF8E00BE267D /* ImageSmallViewTests.swift */,
				2A64B6FC2BC3E55D00BE267D /* RedactedViewTests.swift */,
			);
			path = Images;
			sourceTree = "<group>";
		};
		2A64B6F52BC3DFCC00BE267D /* Images */ = {
			isa = PBXGroup;
			children = (
				2A64B6F62BC3DFDF00BE267D /* ImageSmallView.swift */,
				2A64B6FE2BC3E5CC00BE267D /* RedactedView.swift */,
			);
			path = Images;
			sourceTree = "<group>";
		};
		2A64B7042BC3E91D00BE267D /* Icons */ = {
			isa = PBXGroup;
			children = (
				2A64B7052BC3E93A00BE267D /* UrgentSmallIconTests.swift */,
			);
			path = Icons;
			sourceTree = "<group>";
		};
		2A64B7072BC3E99400BE267D /* Icons */ = {
			isa = PBXGroup;
			children = (
				2A64B7082BC3E9B100BE267D /* UrgentSmallIcon.swift */,
			);
			path = Icons;
			sourceTree = "<group>";
		};
		2AB92D9D2BC3F5D100DB1DCA /* Progress */ = {
			isa = PBXGroup;
			children = (
				2AB92D9F2BC3F60500DB1DCA /* ProgressLargeViewTests.swift */,
			);
			path = Progress;
			sourceTree = "<group>";
		};
		2AB92D9E2BC3F5E200DB1DCA /* Progress */ = {
			isa = PBXGroup;
			children = (
				2AB92DA12BC3F6A000DB1DCA /* ProgressLargeView.swift */,
			);
			path = Progress;
			sourceTree = "<group>";
		};
		2AB92DA32BC3F8D200DB1DCA /* Lists */ = {
			isa = PBXGroup;
			children = (
				2AB92DA52BC3F92100DB1DCA /* ShopListCollectionViewTests.swift */,
			);
			path = Lists;
			sourceTree = "<group>";
		};
		2AB92DA42BC3F8DF00DB1DCA /* Lists */ = {
			isa = PBXGroup;
			children = (
				2AB92DA72BC3F95B00DB1DCA /* ShopListCollectionView.swift */,
			);
			path = Lists;
			sourceTree = "<group>";
		};
		2AB92DAA2BC4086D00DB1DCA /* Buttons */ = {
			isa = PBXGroup;
			children = (
				2AB92DAB2BC408C000DB1DCA /* FilterCategoryNavButtonTests.swift */,
			);
			path = Buttons;
			sourceTree = "<group>";
		};
		2AB92DAD2BC408E100DB1DCA /* Buttons */ = {
			isa = PBXGroup;
			children = (
				2AB92DAE2BC408F000DB1DCA /* FilterCategoryNavButton.swift */,
			);
			path = Buttons;
			sourceTree = "<group>";
		};
		2AB92DBA2BC540A400DB1DCA /* String */ = {
			isa = PBXGroup;
			children = (
				2AB92DBB2BC540B200DB1DCA /* String+Date.swift */,
				2A64B6DD2BC2DFBB00BE267D /* String+FileName.swift */,
			);
			path = String;
			sourceTree = "<group>";
		};
		2AB92DBD2BC540BC00DB1DCA /* String */ = {
			isa = PBXGroup;
			children = (
				2A64B6E02BC2DFD400BE267D /* String+FileNameTests.swift */,
				2AB92DB82BC5403E00DB1DCA /* String+DateTests.swift */,
			);
			path = String;
			sourceTree = "<group>";
		};
		2AB92DBE2BC5447800DB1DCA /* ShopDetails */ = {
			isa = PBXGroup;
			children = (
				2AB92DBF2BC544B200DB1DCA /* ShopDetailsViewControllerTests.swift */,
			);
			path = ShopDetails;
			sourceTree = "<group>";
		};
		2AB92DC12BC544EC00DB1DCA /* ShopDetails */ = {
			isa = PBXGroup;
			children = (
				2AB92DC22BC544FF00DB1DCA /* ShopDetailsViewController.swift */,
			);
			path = ShopDetails;
			sourceTree = "<group>";
		};
		2AB92DCC2BC54B9D00DB1DCA /* Navigations */ = {
			isa = PBXGroup;
			children = (
				2AB92DCD2BC54EE600DB1DCA /* CoordinatorTests.swift */,
			);
			path = Navigations;
			sourceTree = "<group>";
		};
		2AB92DCF2BC550A500DB1DCA /* Navigations */ = {
			isa = PBXGroup;
			children = (
				2AB92DD02BC550C500DB1DCA /* Coordinator.swift */,
			);
			path = Navigations;
			sourceTree = "<group>";
		};
		2AF5F80E2BBE90B000479E54 /* Base */ = {
			isa = PBXGroup;
			children = (
				2AF5F80F2BBE90E600479E54 /* BaseXCTestCase.swift */,
			);
			path = Base;
			sourceTree = "<group>";
		};
		2AF5F8112BBE910700479E54 /* ClipShopTestPlans */ = {
			isa = PBXGroup;
			children = (
				2AF5F8122BBE912000479E54 /* Develop.xctestplan */,
			);
			path = ClipShopTestPlans;
			sourceTree = "<group>";
		};
		2AF5F8132BBE926100479E54 /* Assets */ = {
			isa = PBXGroup;
			children = (
				2A4237CF2BBE8D2F00C94A0B /* Assets.xcassets */,
			);
			path = Assets;
			sourceTree = "<group>";
		};
		2AF5F8142BBE92B600479E54 /* Features */ = {
			isa = PBXGroup;
			children = (
				2AF5F8152BBE92BE00479E54 /* Main */,
				2AB92DCF2BC550A500DB1DCA /* Navigations */,
				2AB92DC12BC544EC00DB1DCA /* ShopDetails */,
				2AF5F8252BBED24000479E54 /* ShopList */,
			);
			path = Features;
			sourceTree = "<group>";
		};
		2AF5F8152BBE92BE00479E54 /* Main */ = {
			isa = PBXGroup;
			children = (
				2A4237C62BBE8D2E00C94A0B /* AppDelegate.swift */,
				2AF5F81E2BBED05900479E54 /* main.swift */,
				2A4237C82BBE8D2E00C94A0B /* SceneDelegate.swift */,
			);
			path = Main;
			sourceTree = "<group>";
		};
		2AF5F8162BBE92D000479E54 /* Configurations */ = {
			isa = PBXGroup;
			children = (
				2A4237D42BBE8D2F00C94A0B /* Info.plist */,
			);
			path = Configurations;
			sourceTree = "<group>";
		};
		2AF5F8202BBED11300479E54 /* Features */ = {
			isa = PBXGroup;
			children = (
				2AF5F8212BBED11C00479E54 /* Main */,
				2AB92DCC2BC54B9D00DB1DCA /* Navigations */,
				2AB92DBE2BC5447800DB1DCA /* ShopDetails */,
				2AF5F8262BBED24700479E54 /* ShopList */,
			);
			path = Features;
			sourceTree = "<group>";
		};
		2AF5F8212BBED11C00479E54 /* Main */ = {
			isa = PBXGroup;
			children = (
				2AF5F8232BBED13800479E54 /* AppDelegateTests.swift */,
			);
			path = Main;
			sourceTree = "<group>";
		};
		2AF5F8222BBED12200479E54 /* Cases */ = {
			isa = PBXGroup;
			children = (
				2A64B6E82BC3D78A00BE267D /* Components */,
				2A64B6DF2BC2DFC000BE267D /* Extensions */,
				2AF5F8202BBED11300479E54 /* Features */,
				2AF5F82F2BBF06C700479E54 /* Objects */,
				2AF5F84A2BBFE24300479E54 /* Services */,
			);
			path = Cases;
			sourceTree = "<group>";
		};
		2AF5F8252BBED24000479E54 /* ShopList */ = {
			isa = PBXGroup;
			children = (
				2AF5F8292BBED35100479E54 /* ShopListViewController.swift */,
				2AF5F82D2BBEE94700479E54 /* ShopListViewModel.swift */,
			);
			path = ShopList;
			sourceTree = "<group>";
		};
		2AF5F8262BBED24700479E54 /* ShopList */ = {
			isa = PBXGroup;
			children = (
				2AF5F82B2BBEE91A00479E54 /* ShopListViewModelTests.swift */,
				2AF5F8272BBED26900479E54 /* ShopListViewControllerTests.swift */,
			);
			path = ShopList;
			sourceTree = "<group>";
		};
		2AF5F82F2BBF06C700479E54 /* Objects */ = {
			isa = PBXGroup;
			children = (
				2AF5F8382BBF202F00479E54 /* Data */,
				2AF5F8302BBF06D900479E54 /* Enums */,
				2AF5F8792BC07EF000479E54 /* Models */,
			);
			path = Objects;
			sourceTree = "<group>";
		};
		2AF5F8302BBF06D900479E54 /* Enums */ = {
			isa = PBXGroup;
			children = (
				2A64B6E22BC2E44800BE267D /* ImageCacheErrorTests.swift */,
				2AF5F8312BBF077200479E54 /* ServerEndpointTests.swift */,
				2AF5F8542BBFE93200479E54 /* ServerErrorTests.swift */,
			);
			path = Enums;
			sourceTree = "<group>";
		};
		2AF5F8332BBF07E400479E54 /* Objects */ = {
			isa = PBXGroup;
			children = (
				2AF5F8372BBF202500479E54 /* Data */,
				2AF5F8342BBF07EE00479E54 /* Enums */,
				2AF5F8752BC07C0E00479E54 /* Models */,
			);
			path = Objects;
			sourceTree = "<group>";
		};
		2AF5F8342BBF07EE00479E54 /* Enums */ = {
			isa = PBXGroup;
			children = (
				2A64B6E42BC2E48300BE267D /* ImageCacheError.swift */,
				2AF5F8352BBF07FE00479E54 /* ServerEndpoint.swift */,
				2AF5F8562BBFE9E400479E54 /* ServerError.swift */,
			);
			path = Enums;
			sourceTree = "<group>";
		};
		2AF5F8372BBF202500479E54 /* Data */ = {
			isa = PBXGroup;
			children = (
				2AF5F8432BBF71DE00479E54 /* CategoryData.swift */,
				2AF5F83B2BBF20BB00479E54 /* PaperclipData.swift */,
			);
			path = Data;
			sourceTree = "<group>";
		};
		2AF5F8382BBF202F00479E54 /* Data */ = {
			isa = PBXGroup;
			children = (
				2AF5F8412BBF718300479E54 /* CategoryDataTests.swift */,
				2AF5F8392BBF208500479E54 /* PaperclipDataTests.swift */,
			);
			path = Data;
			sourceTree = "<group>";
		};
		2AF5F83D2BBF214700479E54 /* Doubles */ = {
			isa = PBXGroup;
			children = (
				2AF5F8582BBFEAAD00479E54 /* Dummies */,
				2AF5F85B2BBFEB6C00479E54 /* Mock */,
				2AF5F83E2BBF215200479E54 /* Fakes */,
				2AF5F8512BBFE7B200479E54 /* Spies */,
			);
			path = Doubles;
			sourceTree = "<group>";
		};
		2AF5F83E2BBF215200479E54 /* Fakes */ = {
			isa = PBXGroup;
			children = (
				2AF5F8652BC00CE800479E54 /* Data */,
				2AF5F8762BC07C7300479E54 /* Models */,
			);
			path = Fakes;
			sourceTree = "<group>";
		};
		2AF5F8472BBFDF9B00479E54 /* Protocols */ = {
			isa = PBXGroup;
			children = (
				2AB92DC42BC546A500DB1DCA /* CoordinatorProtocol.swift */,
				2A64B6CE2BC2CCB200BE267D /* FileManagerProtocol.swift */,
				2A64B6D42BC2D97C00BE267D /* ImageCacheProtocol.swift */,
				2AF5F8482BBFDFAF00479E54 /* ServerProtocol.swift */,
				2AF5F85E2BBFEC4500479E54 /* URLSessionProtocol.swift */,
			);
			path = Protocols;
			sourceTree = "<group>";
		};
		2AF5F84A2BBFE24300479E54 /* Services */ = {
			isa = PBXGroup;
			children = (
				2A64B6CA2BC2AD7A00BE267D /* ImageCacheServiceTests.swift */,
				2AF5F84B2BBFE27200479E54 /* ServerServiceTests.swift */,
			);
			path = Services;
			sourceTree = "<group>";
		};
		2AF5F84D2BBFE2F500479E54 /* Services */ = {
			isa = PBXGroup;
			children = (
				2AF5F84E2BBFE32700479E54 /* ServerService.swift */,
				2A64B6CC2BC2ADE900BE267D /* ImageCacheService.swift */,
			);
			path = Services;
			sourceTree = "<group>";
		};
		2AF5F8512BBFE7B200479E54 /* Spies */ = {
			isa = PBXGroup;
			children = (
				2AB92DD62BC5554100DB1DCA /* CoordinatorSpy.swift */,
				2A64B6DA2BC2DB2C00BE267D /* ImageCacheSpy.swift */,
				2AB92DC82BC5497400DB1DCA /* NavigationControllerSpy.swift */,
				2AF5F8522BBFE7BF00479E54 /* ServerSpy.swift */,
			);
			path = Spies;
			sourceTree = "<group>";
		};
		2AF5F8582BBFEAAD00479E54 /* Dummies */ = {
			isa = PBXGroup;
			children = (
				2AB92DD42BC554C100DB1DCA /* CoordinatorDummy.swift */,
				2A64B6D82BC2DB1F00BE267D /* ImageCacheDummy.swift */,
				2AB92DCA2BC549FF00DB1DCA /* NavigationControllerDummy.swift */,
				2AF5F8592BBFEB0B00479E54 /* ServerDummy.swift */,
			);
			path = Dummies;
			sourceTree = "<group>";
		};
		2AF5F85B2BBFEB6C00479E54 /* Mock */ = {
			isa = PBXGroup;
			children = (
				2AB92DD22BC5536000DB1DCA /* CoordinatorMock.swift */,
				2A64B6D02BC2D18F00BE267D /* FileManagerMock.swift */,
				2A64B6D62BC2DB0D00BE267D /* ImageCacheMock.swift */,
				2AB92DC62BC5486500DB1DCA /* NavigationControllerMock.swift */,
				2AF5F85C2BBFEB8200479E54 /* ServerMock.swift */,
				2AF5F8602BBFF04B00479E54 /* URLSessionMock.swift */,
			);
			path = Mock;
			sourceTree = "<group>";
		};
		2AF5F8622BC00BA600479E54 /* Helpers */ = {
			isa = PBXGroup;
			children = (
				2AF5F86F2BC0102400479E54 /* XCTestCase+JsonParser.swift */,
				2AF5F8632BC00BD500479E54 /* XCTestCase+ServerMock.swift */,
				2AF5F8712BC01A6F00479E54 /* XCTestCase+URLSessionMock.swift */,
			);
			path = Helpers;
			sourceTree = "<group>";
		};
		2AF5F8652BC00CE800479E54 /* Data */ = {
			isa = PBXGroup;
			children = (
				2AF5F8662BC00D0300479E54 /* JsonFileName.swift */,
				2AF5F86D2BC00F8300479E54 /* CategoryData */,
				2A5AD6482BC1C27A003DD193 /* ImageData */,
				2AF5F86E2BC00F9100479E54 /* PaperclipData */,
			);
			path = Data;
			sourceTree = "<group>";
		};
		2AF5F86D2BC00F8300479E54 /* CategoryData */ = {
			isa = PBXGroup;
			children = (
				2AB92DB62BC5293100DB1DCA /* CategoriesData.json */,
				2AF5F8692BC00E6900479E54 /* CategoryData.json */,
				2AF5F8452BBF720900479E54 /* CategoryData+Fakes.swift */,
			);
			path = CategoryData;
			sourceTree = "<group>";
		};
		2AF5F86E2BC00F9100479E54 /* PaperclipData */ = {
			isa = PBXGroup;
			children = (
				2AF5F86B2BC00EE400479E54 /* PaperclipData.json */,
				2AF5F8732BC0770500479E54 /* PaperclipsData.json */,
				2AF5F83F2BBF215E00479E54 /* PaperclipData+Fakes.swift */,
			);
			path = PaperclipData;
			sourceTree = "<group>";
		};
		2AF5F8752BC07C0E00479E54 /* Models */ = {
			isa = PBXGroup;
			children = (
				2AB92DB22BC4213300DB1DCA /* CategoryModel.swift */,
				2AF5F87C2BC07FBF00479E54 /* PaperclipModel.swift */,
			);
			path = Models;
			sourceTree = "<group>";
		};
		2AF5F8762BC07C7300479E54 /* Models */ = {
			isa = PBXGroup;
			children = (
				2AF5F8772BC07C9700479E54 /* PaperclipModel+Fakes.swift */,
				2AB92DB42BC4217D00DB1DCA /* CategoryModel+Fakes.swift */,
			);
			path = Models;
			sourceTree = "<group>";
		};
		2AF5F8792BC07EF000479E54 /* Models */ = {
			isa = PBXGroup;
			children = (
				2AB92DB02BC420F500DB1DCA /* CategoryModelTests.swift */,
				2AF5F87A2BC07F0400479E54 /* PaperclipModelTests.swift */,
			);
			path = Models;
			sourceTree = "<group>";
		};
		2AFC0B5C2BC0C0900057BB66 /* Components */ = {
			isa = PBXGroup;
			children = (
				2AB92DAD2BC408E100DB1DCA /* Buttons */,
				2AFC0B5D2BC0C0A60057BB66 /* Cells */,
				2A64B7072BC3E99400BE267D /* Icons */,
				2A64B6F52BC3DFCC00BE267D /* Images */,
				2A64B6EF2BC3D9AF00BE267D /* Labels */,
				2AB92DA42BC3F8DF00DB1DCA /* Lists */,
				2AB92D9E2BC3F5E200DB1DCA /* Progress */,
			);
			path = Components;
			sourceTree = "<group>";
		};
		2AFC0B5D2BC0C0A60057BB66 /* Cells */ = {
			isa = PBXGroup;
			children = (
				2AFC0B5E2BC0C0EA0057BB66 /* PaperclipCell.swift */,
			);
			path = Cells;
			sourceTree = "<group>";
		};
/* End PBXGroup section */

/* Begin PBXNativeTarget section */
		2A4237C22BBE8D2E00C94A0B /* ClipShop */ = {
			isa = PBXNativeTarget;
			buildConfigurationList = 2A4237ED2BBE8D3000C94A0B /* Build configuration list for PBXNativeTarget "ClipShop" */;
			buildPhases = (
				2A4237BF2BBE8D2E00C94A0B /* Sources */,
				2A4237C02BBE8D2E00C94A0B /* Frameworks */,
				2A4237C12BBE8D2E00C94A0B /* Resources */,
			);
			buildRules = (
			);
			dependencies = (
			);
			name = ClipShop;
			productName = ClipShop;
			productReference = 2A4237C32BBE8D2E00C94A0B /* ClipShop.app */;
			productType = "com.apple.product-type.application";
		};
		2A4237D82BBE8D3000C94A0B /* ClipShopTests */ = {
			isa = PBXNativeTarget;
			buildConfigurationList = 2A4237F02BBE8D3000C94A0B /* Build configuration list for PBXNativeTarget "ClipShopTests" */;
			buildPhases = (
				2A4237D52BBE8D3000C94A0B /* Sources */,
				2A4237D62BBE8D3000C94A0B /* Frameworks */,
				2A4237D72BBE8D3000C94A0B /* Resources */,
			);
			buildRules = (
			);
			dependencies = (
				2A4237DB2BBE8D3000C94A0B /* PBXTargetDependency */,
			);
			name = ClipShopTests;
			productName = ClipShopTests;
			productReference = 2A4237D92BBE8D3000C94A0B /* ClipShopTests.xctest */;
			productType = "com.apple.product-type.bundle.unit-test";
		};
/* End PBXNativeTarget section */

/* Begin PBXProject section */
		2A4237BB2BBE8D2E00C94A0B /* Project object */ = {
			isa = PBXProject;
			attributes = {
				BuildIndependentTargetsInParallel = 1;
				LastSwiftUpdateCheck = 1530;
				LastUpgradeCheck = 1530;
				TargetAttributes = {
					2A4237C22BBE8D2E00C94A0B = {
						CreatedOnToolsVersion = 15.3;
					};
					2A4237D82BBE8D3000C94A0B = {
						CreatedOnToolsVersion = 15.3;
						TestTargetID = 2A4237C22BBE8D2E00C94A0B;
					};
				};
			};
			buildConfigurationList = 2A4237BE2BBE8D2E00C94A0B /* Build configuration list for PBXProject "ClipShop" */;
			compatibilityVersion = "Xcode 14.0";
			developmentRegion = en;
			hasScannedForEncodings = 0;
			knownRegions = (
				en,
				Base,
			);
			mainGroup = 2A4237BA2BBE8D2E00C94A0B;
			productRefGroup = 2A4237C42BBE8D2E00C94A0B /* Products */;
			projectDirPath = "";
			projectRoot = "";
			targets = (
				2A4237C22BBE8D2E00C94A0B /* ClipShop */,
				2A4237D82BBE8D3000C94A0B /* ClipShopTests */,
			);
		};
/* End PBXProject section */

/* Begin PBXResourcesBuildPhase section */
		2A4237C12BBE8D2E00C94A0B /* Resources */ = {
			isa = PBXResourcesBuildPhase;
			buildActionMask = 2147483647;
			files = (
				2A4237D02BBE8D2F00C94A0B /* Assets.xcassets in Resources */,
			);
			runOnlyForDeploymentPostprocessing = 0;
		};
		2A4237D72BBE8D3000C94A0B /* Resources */ = {
			isa = PBXResourcesBuildPhase;
			buildActionMask = 2147483647;
			files = (
				2AF5F8742BC0770500479E54 /* PaperclipsData.json in Resources */,
				2AF5F86C2BC00EE400479E54 /* PaperclipData.json in Resources */,
				2AB92DB72BC5293100DB1DCA /* CategoriesData.json in Resources */,
				2AF5F86A2BC00E6900479E54 /* CategoryData.json in Resources */,
				2A5AD64A2BC1C2C1003DD193 /* ImageData.json in Resources */,
			);
			runOnlyForDeploymentPostprocessing = 0;
		};
/* End PBXResourcesBuildPhase section */

/* Begin PBXSourcesBuildPhase section */
		2A4237BF2BBE8D2E00C94A0B /* Sources */ = {
			isa = PBXSourcesBuildPhase;
			buildActionMask = 2147483647;
			files = (
				2AB92DB32BC4213300DB1DCA /* CategoryModel.swift in Sources */,
				2A64B6E72BC2FA6B00BE267D /* UIFont+StyleWeight.swift in Sources */,
				2AF5F85F2BBFEC4500479E54 /* URLSessionProtocol.swift in Sources */,
				2A64B6F12BC3D9C500BE267D /* CategorySmallLabel.swift in Sources */,
				2A64B7092BC3E9B100BE267D /* UrgentSmallIcon.swift in Sources */,
				2A64B6CF2BC2CCB200BE267D /* FileManagerProtocol.swift in Sources */,
				2A64B6FF2BC3E5CC00BE267D /* RedactedView.swift in Sources */,
				2AF5F83C2BBF20BB00479E54 /* PaperclipData.swift in Sources */,
				2AF5F82E2BBEE94700479E54 /* ShopListViewModel.swift in Sources */,
				2AB92DA82BC3F95B00DB1DCA /* ShopListCollectionView.swift in Sources */,
				2AB92DAF2BC408F000DB1DCA /* FilterCategoryNavButton.swift in Sources */,
				2AF5F8362BBF07FE00479E54 /* ServerEndpoint.swift in Sources */,
				2AB92DBC2BC540B200DB1DCA /* String+Date.swift in Sources */,
				2A64B7032BC3E72C00BE267D /* TitleSmallLabel.swift in Sources */,
				2A64B6CD2BC2ADE900BE267D /* ImageCacheService.swift in Sources */,
				2A4237C72BBE8D2E00C94A0B /* AppDelegate.swift in Sources */,
				2AF5F81F2BBED05900479E54 /* main.swift in Sources */,
				2A64B7112BC3F3FE00BE267D /* UIAlertController+Server.swift in Sources */,
				2AF5F8492BBFDFAF00479E54 /* ServerProtocol.swift in Sources */,
				2A64B6DE2BC2DFBB00BE267D /* String+FileName.swift in Sources */,
				2A64B6F72BC3DFDF00BE267D /* ImageSmallView.swift in Sources */,
				2AB92DA22BC3F6A000DB1DCA /* ProgressLargeView.swift in Sources */,
				2AB92DC32BC544FF00DB1DCA /* ShopDetailsViewController.swift in Sources */,
				2A64B6FB2BC3E3B500BE267D /* PriceSmallLabel.swift in Sources */,
				2A64B6D52BC2D97C00BE267D /* ImageCacheProtocol.swift in Sources */,
				2AF5F84F2BBFE32700479E54 /* ServerService.swift in Sources */,
				2AF5F87D2BC07FC000479E54 /* PaperclipModel.swift in Sources */,
				2AB92DD12BC550C500DB1DCA /* Coordinator.swift in Sources */,
				2AF5F8442BBF71DE00479E54 /* CategoryData.swift in Sources */,
				2AB92DC52BC546A600DB1DCA /* CoordinatorProtocol.swift in Sources */,
				2AFC0B5F2BC0C0EA0057BB66 /* PaperclipCell.swift in Sources */,
				2A64B6E52BC2E48300BE267D /* ImageCacheError.swift in Sources */,
				2AF5F82A2BBED35100479E54 /* ShopListViewController.swift in Sources */,
				2A4237C92BBE8D2E00C94A0B /* SceneDelegate.swift in Sources */,
				2AF5F8572BBFE9E400479E54 /* ServerError.swift in Sources */,
			);
			runOnlyForDeploymentPostprocessing = 0;
		};
		2A4237D52BBE8D3000C94A0B /* Sources */ = {
			isa = PBXSourcesBuildPhase;
			buildActionMask = 2147483647;
			files = (
				2AF5F8612BBFF04B00479E54 /* URLSessionMock.swift in Sources */,
				2AF5F82C2BBEE91A00479E54 /* ShopListViewModelTests.swift in Sources */,
				2A64B6D92BC2DB1F00BE267D /* ImageCacheDummy.swift in Sources */,
				2A64B7062BC3E93A00BE267D /* UrgentSmallIconTests.swift in Sources */,
				2AB92DC92BC5497400DB1DCA /* NavigationControllerSpy.swift in Sources */,
				2AF5F8532BBFE7BF00479E54 /* ServerSpy.swift in Sources */,
				2AF5F8782BC07C9700479E54 /* PaperclipModel+Fakes.swift in Sources */,
				2AF5F8322BBF077200479E54 /* ServerEndpointTests.swift in Sources */,
				2AF5F8402BBF215E00479E54 /* PaperclipData+Fakes.swift in Sources */,
				2AF5F8462BBF720900479E54 /* CategoryData+Fakes.swift in Sources */,
				2AB92DA02BC3F60500DB1DCA /* ProgressLargeViewTests.swift in Sources */,
				2A64B6EB2BC3D7A900BE267D /* PaperclipCellTests.swift in Sources */,
				2AB92DB92BC5403E00DB1DCA /* String+DateTests.swift in Sources */,
				2AF5F8722BC01A6F00479E54 /* XCTestCase+URLSessionMock.swift in Sources */,
				2AB92DD32BC5536000DB1DCA /* CoordinatorMock.swift in Sources */,
				2A64B6E12BC2DFD400BE267D /* String+FileNameTests.swift in Sources */,
				2A64B6D72BC2DB0D00BE267D /* ImageCacheMock.swift in Sources */,
				2AF5F8552BBFE93200479E54 /* ServerErrorTests.swift in Sources */,
				2AF5F85A2BBFEB0B00479E54 /* ServerDummy.swift in Sources */,
				2AB92DA62BC3F92100DB1DCA /* ShopListCollectionViewTests.swift in Sources */,
				2A64B6CB2BC2AD7A00BE267D /* ImageCacheServiceTests.swift in Sources */,
				2AB92DC72BC5486500DB1DCA /* NavigationControllerMock.swift in Sources */,
				2A64B6FD2BC3E55D00BE267D /* RedactedViewTests.swift in Sources */,
				2AF5F87B2BC07F0400479E54 /* PaperclipModelTests.swift in Sources */,
				2AF5F8672BC00D0300479E54 /* JsonFileName.swift in Sources */,
				2AF5F8282BBED26900479E54 /* ShopListViewControllerTests.swift in Sources */,
				2A64B6EE2BC3D94700BE267D /* CategorySmallLabelTests.swift in Sources */,
				2A64B6F42BC3DF8E00BE267D /* ImageSmallViewTests.swift in Sources */,
				2AF5F8642BC00BD500479E54 /* XCTestCase+ServerMock.swift in Sources */,
				2AF5F8702BC0102400479E54 /* XCTestCase+JsonParser.swift in Sources */,
				2AF5F85D2BBFEB8200479E54 /* ServerMock.swift in Sources */,
				2AB92DD52BC554C100DB1DCA /* CoordinatorDummy.swift in Sources */,
				2AF5F8242BBED13800479E54 /* AppDelegateTests.swift in Sources */,
				2A64B6E32BC2E44800BE267D /* ImageCacheErrorTests.swift in Sources */,
				2AB92DB12BC420F500DB1DCA /* CategoryModelTests.swift in Sources */,
				2AF5F8422BBF718300479E54 /* CategoryDataTests.swift in Sources */,
				2AB92DCE2BC54EE600DB1DCA /* CoordinatorTests.swift in Sources */,
				2A64B6D12BC2D18F00BE267D /* FileManagerMock.swift in Sources */,
				2AB92DCB2BC549FF00DB1DCA /* NavigationControllerDummy.swift in Sources */,
				2AB92DB52BC4217D00DB1DCA /* CategoryModel+Fakes.swift in Sources */,
				2AF5F83A2BBF208500479E54 /* PaperclipDataTests.swift in Sources */,
				2AB92DD72BC5554100DB1DCA /* CoordinatorSpy.swift in Sources */,
				2A64B6F92BC3E36F00BE267D /* PriceSmallLabelTests.swift in Sources */,
				2A64B6DB2BC2DB2C00BE267D /* ImageCacheSpy.swift in Sources */,
				2AF5F84C2BBFE27200479E54 /* ServerServiceTests.swift in Sources */,
				2AF5F8102BBE90E600479E54 /* BaseXCTestCase.swift in Sources */,
				2AB92DC02BC544B200DB1DCA /* ShopDetailsViewControllerTests.swift in Sources */,
				2A64B7012BC3E70800BE267D /* TitleSmallLabelTests.swift in Sources */,
				2AB92DAC2BC408C000DB1DCA /* FilterCategoryNavButtonTests.swift in Sources */,
			);
			runOnlyForDeploymentPostprocessing = 0;
		};
/* End PBXSourcesBuildPhase section */

/* Begin PBXTargetDependency section */
		2A4237DB2BBE8D3000C94A0B /* PBXTargetDependency */ = {
			isa = PBXTargetDependency;
			target = 2A4237C22BBE8D2E00C94A0B /* ClipShop */;
			targetProxy = 2A4237DA2BBE8D3000C94A0B /* PBXContainerItemProxy */;
		};
/* End PBXTargetDependency section */

/* Begin XCBuildConfiguration section */
		2A4237EB2BBE8D3000C94A0B /* Debug */ = {
			isa = XCBuildConfiguration;
			buildSettings = {
				ALWAYS_SEARCH_USER_PATHS = NO;
				ASSETCATALOG_COMPILER_GENERATE_SWIFT_ASSET_SYMBOL_EXTENSIONS = YES;
				CLANG_ANALYZER_NONNULL = YES;
				CLANG_ANALYZER_NUMBER_OBJECT_CONVERSION = YES_AGGRESSIVE;
				CLANG_CXX_LANGUAGE_STANDARD = "gnu++20";
				CLANG_ENABLE_MODULES = YES;
				CLANG_ENABLE_OBJC_ARC = YES;
				CLANG_ENABLE_OBJC_WEAK = YES;
				CLANG_WARN_BLOCK_CAPTURE_AUTORELEASING = YES;
				CLANG_WARN_BOOL_CONVERSION = YES;
				CLANG_WARN_COMMA = YES;
				CLANG_WARN_CONSTANT_CONVERSION = YES;
				CLANG_WARN_DEPRECATED_OBJC_IMPLEMENTATIONS = YES;
				CLANG_WARN_DIRECT_OBJC_ISA_USAGE = YES_ERROR;
				CLANG_WARN_DOCUMENTATION_COMMENTS = YES;
				CLANG_WARN_EMPTY_BODY = YES;
				CLANG_WARN_ENUM_CONVERSION = YES;
				CLANG_WARN_INFINITE_RECURSION = YES;
				CLANG_WARN_INT_CONVERSION = YES;
				CLANG_WARN_NON_LITERAL_NULL_CONVERSION = YES;
				CLANG_WARN_OBJC_IMPLICIT_RETAIN_SELF = YES;
				CLANG_WARN_OBJC_LITERAL_CONVERSION = YES;
				CLANG_WARN_OBJC_ROOT_CLASS = YES_ERROR;
				CLANG_WARN_QUOTED_INCLUDE_IN_FRAMEWORK_HEADER = YES;
				CLANG_WARN_RANGE_LOOP_ANALYSIS = YES;
				CLANG_WARN_STRICT_PROTOTYPES = YES;
				CLANG_WARN_SUSPICIOUS_MOVE = YES;
				CLANG_WARN_UNGUARDED_AVAILABILITY = YES_AGGRESSIVE;
				CLANG_WARN_UNREACHABLE_CODE = YES;
				CLANG_WARN__DUPLICATE_METHOD_MATCH = YES;
				COPY_PHASE_STRIP = NO;
				DEBUG_INFORMATION_FORMAT = dwarf;
				ENABLE_STRICT_OBJC_MSGSEND = YES;
				ENABLE_TESTABILITY = YES;
				ENABLE_USER_SCRIPT_SANDBOXING = YES;
				GCC_C_LANGUAGE_STANDARD = gnu17;
				GCC_DYNAMIC_NO_PIC = NO;
				GCC_NO_COMMON_BLOCKS = YES;
				GCC_OPTIMIZATION_LEVEL = 0;
				GCC_PREPROCESSOR_DEFINITIONS = (
					"DEBUG=1",
					"$(inherited)",
				);
				GCC_WARN_64_TO_32_BIT_CONVERSION = YES;
				GCC_WARN_ABOUT_RETURN_TYPE = YES_ERROR;
				GCC_WARN_UNDECLARED_SELECTOR = YES;
				GCC_WARN_UNINITIALIZED_AUTOS = YES_AGGRESSIVE;
				GCC_WARN_UNUSED_FUNCTION = YES;
				GCC_WARN_UNUSED_VARIABLE = YES;
				IPHONEOS_DEPLOYMENT_TARGET = 14.0;
				LOCALIZATION_PREFERS_STRING_CATALOGS = YES;
				MTL_ENABLE_DEBUG_INFO = INCLUDE_SOURCE;
				MTL_FAST_MATH = YES;
				ONLY_ACTIVE_ARCH = YES;
				SDKROOT = iphoneos;
				SWIFT_ACTIVE_COMPILATION_CONDITIONS = "DEBUG $(inherited)";
				SWIFT_OPTIMIZATION_LEVEL = "-Onone";
			};
			name = Debug;
		};
		2A4237EC2BBE8D3000C94A0B /* Release */ = {
			isa = XCBuildConfiguration;
			buildSettings = {
				ALWAYS_SEARCH_USER_PATHS = NO;
				ASSETCATALOG_COMPILER_GENERATE_SWIFT_ASSET_SYMBOL_EXTENSIONS = YES;
				CLANG_ANALYZER_NONNULL = YES;
				CLANG_ANALYZER_NUMBER_OBJECT_CONVERSION = YES_AGGRESSIVE;
				CLANG_CXX_LANGUAGE_STANDARD = "gnu++20";
				CLANG_ENABLE_MODULES = YES;
				CLANG_ENABLE_OBJC_ARC = YES;
				CLANG_ENABLE_OBJC_WEAK = YES;
				CLANG_WARN_BLOCK_CAPTURE_AUTORELEASING = YES;
				CLANG_WARN_BOOL_CONVERSION = YES;
				CLANG_WARN_COMMA = YES;
				CLANG_WARN_CONSTANT_CONVERSION = YES;
				CLANG_WARN_DEPRECATED_OBJC_IMPLEMENTATIONS = YES;
				CLANG_WARN_DIRECT_OBJC_ISA_USAGE = YES_ERROR;
				CLANG_WARN_DOCUMENTATION_COMMENTS = YES;
				CLANG_WARN_EMPTY_BODY = YES;
				CLANG_WARN_ENUM_CONVERSION = YES;
				CLANG_WARN_INFINITE_RECURSION = YES;
				CLANG_WARN_INT_CONVERSION = YES;
				CLANG_WARN_NON_LITERAL_NULL_CONVERSION = YES;
				CLANG_WARN_OBJC_IMPLICIT_RETAIN_SELF = YES;
				CLANG_WARN_OBJC_LITERAL_CONVERSION = YES;
				CLANG_WARN_OBJC_ROOT_CLASS = YES_ERROR;
				CLANG_WARN_QUOTED_INCLUDE_IN_FRAMEWORK_HEADER = YES;
				CLANG_WARN_RANGE_LOOP_ANALYSIS = YES;
				CLANG_WARN_STRICT_PROTOTYPES = YES;
				CLANG_WARN_SUSPICIOUS_MOVE = YES;
				CLANG_WARN_UNGUARDED_AVAILABILITY = YES_AGGRESSIVE;
				CLANG_WARN_UNREACHABLE_CODE = YES;
				CLANG_WARN__DUPLICATE_METHOD_MATCH = YES;
				COPY_PHASE_STRIP = NO;
				DEBUG_INFORMATION_FORMAT = "dwarf-with-dsym";
				ENABLE_NS_ASSERTIONS = NO;
				ENABLE_STRICT_OBJC_MSGSEND = YES;
				ENABLE_USER_SCRIPT_SANDBOXING = YES;
				GCC_C_LANGUAGE_STANDARD = gnu17;
				GCC_NO_COMMON_BLOCKS = YES;
				GCC_WARN_64_TO_32_BIT_CONVERSION = YES;
				GCC_WARN_ABOUT_RETURN_TYPE = YES_ERROR;
				GCC_WARN_UNDECLARED_SELECTOR = YES;
				GCC_WARN_UNINITIALIZED_AUTOS = YES_AGGRESSIVE;
				GCC_WARN_UNUSED_FUNCTION = YES;
				GCC_WARN_UNUSED_VARIABLE = YES;
				IPHONEOS_DEPLOYMENT_TARGET = 14.0;
				LOCALIZATION_PREFERS_STRING_CATALOGS = YES;
				MTL_ENABLE_DEBUG_INFO = NO;
				MTL_FAST_MATH = YES;
				SDKROOT = iphoneos;
				SWIFT_COMPILATION_MODE = wholemodule;
				VALIDATE_PRODUCT = YES;
			};
			name = Release;
		};
		2A4237EE2BBE8D3000C94A0B /* Debug */ = {
			isa = XCBuildConfiguration;
			buildSettings = {
				ASSETCATALOG_COMPILER_APPICON_NAME = AppIcon;
				ASSETCATALOG_COMPILER_GLOBAL_ACCENT_COLOR_NAME = AccentColor;
				CODE_SIGN_STYLE = Automatic;
				CURRENT_PROJECT_VERSION = 1;
				DEVELOPMENT_TEAM = P8UNJX8SHV;
				GENERATE_INFOPLIST_FILE = YES;
				INFOPLIST_FILE = ClipShop/Configurations/Info.plist;
				INFOPLIST_KEY_LSApplicationCategoryType = "public.app-category.shopping";
				INFOPLIST_KEY_UIApplicationSupportsIndirectInputEvents = YES;
				INFOPLIST_KEY_UISupportedInterfaceOrientations = UIInterfaceOrientationPortrait;
				INFOPLIST_KEY_UISupportedInterfaceOrientations_iPad = "UIInterfaceOrientationLandscapeLeft UIInterfaceOrientationLandscapeRight UIInterfaceOrientationPortrait UIInterfaceOrientationPortraitUpsideDown";
				LD_RUNPATH_SEARCH_PATHS = (
					"$(inherited)",
					"@executable_path/Frameworks",
				);
				MARKETING_VERSION = 1.0;
				PRODUCT_BUNDLE_IDENTIFIER = eu.RolandLariotte.ClipShop;
				PRODUCT_NAME = "$(TARGET_NAME)";
				SUPPORTED_PLATFORMS = "iphoneos iphonesimulator";
				SUPPORTS_MACCATALYST = NO;
				SUPPORTS_MAC_DESIGNED_FOR_IPHONE_IPAD = NO;
				SUPPORTS_XR_DESIGNED_FOR_IPHONE_IPAD = NO;
				SWIFT_EMIT_LOC_STRINGS = YES;
				SWIFT_VERSION = 5.0;
				TARGETED_DEVICE_FAMILY = "1,2";
			};
			name = Debug;
		};
		2A4237EF2BBE8D3000C94A0B /* Release */ = {
			isa = XCBuildConfiguration;
			buildSettings = {
				ASSETCATALOG_COMPILER_APPICON_NAME = AppIcon;
				ASSETCATALOG_COMPILER_GLOBAL_ACCENT_COLOR_NAME = AccentColor;
				CODE_SIGN_STYLE = Automatic;
				CURRENT_PROJECT_VERSION = 1;
				DEVELOPMENT_TEAM = P8UNJX8SHV;
				GENERATE_INFOPLIST_FILE = YES;
				INFOPLIST_FILE = ClipShop/Configurations/Info.plist;
				INFOPLIST_KEY_LSApplicationCategoryType = "public.app-category.shopping";
				INFOPLIST_KEY_UIApplicationSupportsIndirectInputEvents = YES;
				INFOPLIST_KEY_UISupportedInterfaceOrientations = UIInterfaceOrientationPortrait;
				INFOPLIST_KEY_UISupportedInterfaceOrientations_iPad = "UIInterfaceOrientationLandscapeLeft UIInterfaceOrientationLandscapeRight UIInterfaceOrientationPortrait UIInterfaceOrientationPortraitUpsideDown";
				LD_RUNPATH_SEARCH_PATHS = (
					"$(inherited)",
					"@executable_path/Frameworks",
				);
				MARKETING_VERSION = 1.0;
				PRODUCT_BUNDLE_IDENTIFIER = eu.RolandLariotte.ClipShop;
				PRODUCT_NAME = "$(TARGET_NAME)";
				SUPPORTED_PLATFORMS = "iphoneos iphonesimulator";
				SUPPORTS_MACCATALYST = NO;
				SUPPORTS_MAC_DESIGNED_FOR_IPHONE_IPAD = NO;
				SUPPORTS_XR_DESIGNED_FOR_IPHONE_IPAD = NO;
				SWIFT_EMIT_LOC_STRINGS = YES;
				SWIFT_VERSION = 5.0;
				TARGETED_DEVICE_FAMILY = "1,2";
			};
			name = Release;
		};
		2A4237F12BBE8D3000C94A0B /* Debug */ = {
			isa = XCBuildConfiguration;
			buildSettings = {
				ALWAYS_EMBED_SWIFT_STANDARD_LIBRARIES = YES;
				BUNDLE_LOADER = "$(TEST_HOST)";
				CODE_SIGN_STYLE = Automatic;
				CURRENT_PROJECT_VERSION = 1;
				DEVELOPMENT_TEAM = P8UNJX8SHV;
				GENERATE_INFOPLIST_FILE = YES;
				IPHONEOS_DEPLOYMENT_TARGET = 14.0;
				MARKETING_VERSION = 1.0;
				PRODUCT_BUNDLE_IDENTIFIER = eu.RolandLariotte.ClipShopTests;
				PRODUCT_NAME = "$(TARGET_NAME)";
				SUPPORTED_PLATFORMS = "iphoneos iphonesimulator";
				SUPPORTS_MACCATALYST = NO;
				SUPPORTS_MAC_DESIGNED_FOR_IPHONE_IPAD = NO;
				SUPPORTS_XR_DESIGNED_FOR_IPHONE_IPAD = NO;
				SWIFT_EMIT_LOC_STRINGS = NO;
				SWIFT_VERSION = 5.0;
				TARGETED_DEVICE_FAMILY = "1,2";
				TEST_HOST = "$(BUILT_PRODUCTS_DIR)/ClipShop.app/$(BUNDLE_EXECUTABLE_FOLDER_PATH)/ClipShop";
			};
			name = Debug;
		};
		2A4237F22BBE8D3000C94A0B /* Release */ = {
			isa = XCBuildConfiguration;
			buildSettings = {
				ALWAYS_EMBED_SWIFT_STANDARD_LIBRARIES = YES;
				BUNDLE_LOADER = "$(TEST_HOST)";
				CODE_SIGN_STYLE = Automatic;
				CURRENT_PROJECT_VERSION = 1;
				DEVELOPMENT_TEAM = P8UNJX8SHV;
				GENERATE_INFOPLIST_FILE = YES;
				IPHONEOS_DEPLOYMENT_TARGET = 14.0;
				MARKETING_VERSION = 1.0;
				PRODUCT_BUNDLE_IDENTIFIER = eu.RolandLariotte.ClipShopTests;
				PRODUCT_NAME = "$(TARGET_NAME)";
				SUPPORTED_PLATFORMS = "iphoneos iphonesimulator";
				SUPPORTS_MACCATALYST = NO;
				SUPPORTS_MAC_DESIGNED_FOR_IPHONE_IPAD = NO;
				SUPPORTS_XR_DESIGNED_FOR_IPHONE_IPAD = NO;
				SWIFT_EMIT_LOC_STRINGS = NO;
				SWIFT_VERSION = 5.0;
				TARGETED_DEVICE_FAMILY = "1,2";
				TEST_HOST = "$(BUILT_PRODUCTS_DIR)/ClipShop.app/$(BUNDLE_EXECUTABLE_FOLDER_PATH)/ClipShop";
			};
			name = Release;
		};
/* End XCBuildConfiguration section */

/* Begin XCConfigurationList section */
		2A4237BE2BBE8D2E00C94A0B /* Build configuration list for PBXProject "ClipShop" */ = {
			isa = XCConfigurationList;
			buildConfigurations = (
				2A4237EB2BBE8D3000C94A0B /* Debug */,
				2A4237EC2BBE8D3000C94A0B /* Release */,
			);
			defaultConfigurationIsVisible = 0;
			defaultConfigurationName = Release;
		};
		2A4237ED2BBE8D3000C94A0B /* Build configuration list for PBXNativeTarget "ClipShop" */ = {
			isa = XCConfigurationList;
			buildConfigurations = (
				2A4237EE2BBE8D3000C94A0B /* Debug */,
				2A4237EF2BBE8D3000C94A0B /* Release */,
			);
			defaultConfigurationIsVisible = 0;
			defaultConfigurationName = Release;
		};
		2A4237F02BBE8D3000C94A0B /* Build configuration list for PBXNativeTarget "ClipShopTests" */ = {
			isa = XCConfigurationList;
			buildConfigurations = (
				2A4237F12BBE8D3000C94A0B /* Debug */,
				2A4237F22BBE8D3000C94A0B /* Release */,
			);
			defaultConfigurationIsVisible = 0;
			defaultConfigurationName = Release;
		};
/* End XCConfigurationList section */
	};
	rootObject = 2A4237BB2BBE8D2E00C94A0B /* Project object */;
}
